
Microsoft Visual Studio Solution File, Format Version 12.00
# Visual Studio Version 17
VisualStudioVersion = 17.0.31903.59
MinimumVisualStudioVersion = 10.0.40219.1
Project("{FAE04EC0-301F-11D3-BF4B-00C04F79EFBC}") = "BudgetMate.API", "BudgetMate.API\BudgetMate.API.csproj", "{12F9C302-EC1C-4405-ABD3-59B6186F015B}"
EndProject
Project("{FAE04EC0-301F-11D3-BF4B-00C04F79EFBC}") = "BudgetMate.Core", "BudgetMate.Core\BudgetMate.Core.csproj", "{609EB412-A1D1-47A2-ADB9-E9834CFE26A3}"
EndProject
Project("{FAE04EC0-301F-11D3-BF4B-00C04F79EFBC}") = "BudgetMate.Application", "BudgetMate.Application\BudgetMate.Application.csproj", "{64C793A0-D373-4D7F-BAAF-02400D418512}"
EndProject
Project("{FAE04EC0-301F-11D3-BF4B-00C04F79EFBC}") = "BudgetMate.Infrastructure", "BudgetMate.Infrastructure\BudgetMate.Infrastructure.csproj", "{A2C6988B-6886-45B0-B499-DF473EEDA5A5}"
EndProject
Global
	GlobalSection(SolutionConfigurationPlatforms) = preSolution
		Debug|Any CPU = Debug|Any CPU
		Release|Any CPU = Release|Any CPU
	EndGlobalSection
	GlobalSection(SolutionProperties) = preSolution
		HideSolutionNode = FALSE
	EndGlobalSection
	GlobalSection(ProjectConfigurationPlatforms) = postSolution
		{12F9C302-EC1C-4405-ABD3-59B6186F015B}.Debug|Any CPU.ActiveCfg = Debug|Any CPU
		{12F9C302-EC1C-4405-ABD3-59B6186F015B}.Debug|Any CPU.Build.0 = Debug|Any CPU
		{12F9C302-EC1C-4405-ABD3-59B6186F015B}.Release|Any CPU.ActiveCfg = Release|Any CPU
		{12F9C302-EC1C-4405-ABD3-59B6186F015B}.Release|Any CPU.Build.0 = Release|Any CPU
		{609EB412-A1D1-47A2-ADB9-E9834CFE26A3}.Debug|Any CPU.ActiveCfg = Debug|Any CPU
		{609EB412-A1D1-47A2-ADB9-E9834CFE26A3}.Debug|Any CPU.Build.0 = Debug|Any CPU
		{609EB412-A1D1-47A2-ADB9-E9834CFE26A3}.Release|Any CPU.ActiveCfg = Release|Any CPU
		{609EB412-A1D1-47A2-ADB9-E9834CFE26A3}.Release|Any CPU.Build.0 = Release|Any CPU
		{64C793A0-D373-4D7F-BAAF-02400D418512}.Debug|Any CPU.ActiveCfg = Debug|Any CPU
		{64C793A0-D373-4D7F-BAAF-02400D418512}.Debug|Any CPU.Build.0 = Debug|Any CPU
		{64C793A0-D373-4D7F-BAAF-02400D418512}.Release|Any CPU.ActiveCfg = Release|Any CPU
		{64C793A0-D373-4D7F-BAAF-02400D418512}.Release|Any CPU.Build.0 = Release|Any CPU
		{A2C6988B-6886-45B0-B499-DF473EEDA5A5}.Debug|Any CPU.ActiveCfg = Debug|Any CPU
		{A2C6988B-6886-45B0-B499-DF473EEDA5A5}.Debug|Any CPU.Build.0 = Debug|Any CPU
		{A2C6988B-6886-45B0-B499-DF473EEDA5A5}.Release|Any CPU.ActiveCfg = Release|Any CPU
		{A2C6988B-6886-45B0-B499-DF473EEDA5A5}.Release|Any CPU.Build.0 = Release|Any CPU
	EndGlobalSection
EndGlobal
